
Microsoft Visual Studio Solution File, Format Version 12.00
# Visual Studio Version 16
VisualStudioVersion = 16.0.30709.132
MinimumVisualStudioVersion = 10.0.40219.1
Project("{9A19103F-16F7-4668-BE54-9A1E7A4F7556}") = "ProcessPlayerStats", "ProcessPlayerStats\ProcessPlayerStats.csproj", "{37C2AA23-0DDC-4FCD-85A0-BC9DD81EF1A4}"
EndProject
Project("{9A19103F-16F7-4668-BE54-9A1E7A4F7556}") = "ProcessPlayerStats.UnitTests", "ProcessPlayerStats.UnitTests\ProcessPlayerStats.UnitTests.csproj", "{7BDF0131-CDF3-48D3-A627-DE741E549DB1}"
EndProject
Project("{2150E333-8FDC-42A3-9474-1A3956D46DE8}") = "Templates", "Templates", "{977CB9EC-EC8F-4282-8F67-1272A08BAB46}"
	ProjectSection(SolutionItems) = preProject
		azf-template.json = azf-template.json
	EndProjectSection
EndProject
Global
	GlobalSection(SolutionConfigurationPlatforms) = preSolution
		Debug|Any CPU = Debug|Any CPU
		Release|Any CPU = Release|Any CPU
	EndGlobalSection
	GlobalSection(ProjectConfigurationPlatforms) = postSolution
		{37C2AA23-0DDC-4FCD-85A0-BC9DD81EF1A4}.Debug|Any CPU.ActiveCfg = Debug|Any CPU
		{37C2AA23-0DDC-4FCD-85A0-BC9DD81EF1A4}.Debug|Any CPU.Build.0 = Debug|Any CPU
		{37C2AA23-0DDC-4FCD-85A0-BC9DD81EF1A4}.Release|Any CPU.ActiveCfg = Release|Any CPU
		{37C2AA23-0DDC-4FCD-85A0-BC9DD81EF1A4}.Release|Any CPU.Build.0 = Release|Any CPU
		{7BDF0131-CDF3-48D3-A627-DE741E549DB1}.Debug|Any CPU.ActiveCfg = Debug|Any CPU
		{7BDF0131-CDF3-48D3-A627-DE741E549DB1}.Debug|Any CPU.Build.0 = Debug|Any CPU
		{7BDF0131-CDF3-48D3-A627-DE741E549DB1}.Release|Any CPU.ActiveCfg = Release|Any CPU
		{7BDF0131-CDF3-48D3-A627-DE741E549DB1}.Release|Any CPU.Build.0 = Release|Any CPU
	EndGlobalSection
	GlobalSection(SolutionProperties) = preSolution
		HideSolutionNode = FALSE
	EndGlobalSection
	GlobalSection(ExtensibilityGlobals) = postSolution
		SolutionGuid = {C152046A-E7BA-48A8-951A-7BB6085DA5EC}
	EndGlobalSection
EndGlobal
